// !$*UTF8*$!
{
	archiveVersion = 1;
	classes = {
	};
	objectVersion = 55;
	objects = {

/* Begin PBXBuildFile section */
		5558F2A52971D222007DFA31 /* UserData.swift in Sources */ = {isa = PBXBuildFile; fileRef = 5558F2A42971D222007DFA31 /* UserData.swift */; };
		5558F2A92972BD43007DFA31 /* MainView.swift in Sources */ = {isa = PBXBuildFile; fileRef = 5558F2A82972BD43007DFA31 /* MainView.swift */; };
		5558F2AD29733F83007DFA31 /* UIConsants.swift in Sources */ = {isa = PBXBuildFile; fileRef = 5558F2AC29733F83007DFA31 /* UIConsants.swift */; };
		5558F2AF297342D7007DFA31 /* CustomGridView.swift in Sources */ = {isa = PBXBuildFile; fileRef = 5558F2AE297342D7007DFA31 /* CustomGridView.swift */; };
		5558F2B129734675007DFA31 /* TeamAndFactionViews.swift in Sources */ = {isa = PBXBuildFile; fileRef = 5558F2B029734675007DFA31 /* TeamAndFactionViews.swift */; };
		5558F2B32973DF2C007DFA31 /* FetchRequests.swift in Sources */ = {isa = PBXBuildFile; fileRef = 5558F2B22973DF2C007DFA31 /* FetchRequests.swift */; };
		5558F2B52973F33F007DFA31 /* Mechanic.swift in Sources */ = {isa = PBXBuildFile; fileRef = 5558F2B42973F33F007DFA31 /* Mechanic.swift */; };
		5558F2B72973F376007DFA31 /* Faction.swift in Sources */ = {isa = PBXBuildFile; fileRef = 5558F2B62973F376007DFA31 /* Faction.swift */; };
		5558F2B92973F75A007DFA31 /* ContentView.swift in Sources */ = {isa = PBXBuildFile; fileRef = 5558F2B82973F75A007DFA31 /* ContentView.swift */; };
		5558F2BF29740F8B007DFA31 /* MenuView.swift in Sources */ = {isa = PBXBuildFile; fileRef = 5558F2BE29740F8B007DFA31 /* MenuView.swift */; };
		55F7105B296B5C0F00A16C61 /* relearn_swiftApp.swift in Sources */ = {isa = PBXBuildFile; fileRef = 55F7105A296B5C0F00A16C61 /* relearn_swiftApp.swift */; };
		55F7105F296B5C1000A16C61 /* Assets.xcassets in Resources */ = {isa = PBXBuildFile; fileRef = 55F7105E296B5C1000A16C61 /* Assets.xcassets */; };
		55F71062296B5C1000A16C61 /* Preview Assets.xcassets in Resources */ = {isa = PBXBuildFile; fileRef = 55F71061296B5C1000A16C61 /* Preview Assets.xcassets */; };
		55F71064296B5C1000A16C61 /* Persistence.swift in Sources */ = {isa = PBXBuildFile; fileRef = 55F71063296B5C1000A16C61 /* Persistence.swift */; };
		55F71067296B5C1000A16C61 /* relearn_swift.xcdatamodeld in Sources */ = {isa = PBXBuildFile; fileRef = 55F71065296B5C1000A16C61 /* relearn_swift.xcdatamodeld */; };
		55F71071296B5C1000A16C61 /* relearn_swiftTests.swift in Sources */ = {isa = PBXBuildFile; fileRef = 55F71070296B5C1000A16C61 /* relearn_swiftTests.swift */; };
		55F7107B296B5C1000A16C61 /* relearn_swiftUITests.swift in Sources */ = {isa = PBXBuildFile; fileRef = 55F7107A296B5C1000A16C61 /* relearn_swiftUITests.swift */; };
		55F7107D296B5C1000A16C61 /* relearn_swiftUITestsLaunchTests.swift in Sources */ = {isa = PBXBuildFile; fileRef = 55F7107C296B5C1000A16C61 /* relearn_swiftUITestsLaunchTests.swift */; };
		55F71093296D7B1B00A16C61 /* data.json in Resources */ = {isa = PBXBuildFile; fileRef = 55F71092296D7B1B00A16C61 /* data.json */; };
		55F71095296F667000A16C61 /* GameSet.swift in Sources */ = {isa = PBXBuildFile; fileRef = 55F71094296F667000A16C61 /* GameSet.swift */; };
		55F71097296F6D9400A16C61 /* StorePopulation.swift in Sources */ = {isa = PBXBuildFile; fileRef = 55F71096296F6D9400A16C61 /* StorePopulation.swift */; };
/* End PBXBuildFile section */

/* Begin PBXContainerItemProxy section */
		55F7106D296B5C1000A16C61 /* PBXContainerItemProxy */ = {
			isa = PBXContainerItemProxy;
			containerPortal = 55F7104F296B5C0F00A16C61 /* Project object */;
			proxyType = 1;
			remoteGlobalIDString = 55F71056296B5C0F00A16C61;
			remoteInfo = "relearn-swift";
		};
		55F71077296B5C1000A16C61 /* PBXContainerItemProxy */ = {
			isa = PBXContainerItemProxy;
			containerPortal = 55F7104F296B5C0F00A16C61 /* Project object */;
			proxyType = 1;
			remoteGlobalIDString = 55F71056296B5C0F00A16C61;
			remoteInfo = "relearn-swift";
		};
/* End PBXContainerItemProxy section */

/* Begin PBXFileReference section */
		5558F2A42971D222007DFA31 /* UserData.swift */ = {isa = PBXFileReference; lastKnownFileType = sourcecode.swift; path = UserData.swift; sourceTree = "<group>"; };
		5558F2A82972BD43007DFA31 /* MainView.swift */ = {isa = PBXFileReference; lastKnownFileType = sourcecode.swift; path = MainView.swift; sourceTree = SOURCE_ROOT; };
		5558F2AC29733F83007DFA31 /* UIConsants.swift */ = {isa = PBXFileReference; lastKnownFileType = sourcecode.swift; name = UIConsants.swift; path = "relearn-swift/Views/UIConsants.swift"; sourceTree = SOURCE_ROOT; };
		5558F2AE297342D7007DFA31 /* CustomGridView.swift */ = {isa = PBXFileReference; lastKnownFileType = sourcecode.swift; path = CustomGridView.swift; sourceTree = "<group>"; };
		5558F2B029734675007DFA31 /* TeamAndFactionViews.swift */ = {isa = PBXFileReference; lastKnownFileType = sourcecode.swift; path = TeamAndFactionViews.swift; sourceTree = "<group>"; };
		5558F2B22973DF2C007DFA31 /* FetchRequests.swift */ = {isa = PBXFileReference; lastKnownFileType = sourcecode.swift; path = FetchRequests.swift; sourceTree = "<group>"; };
		5558F2B42973F33F007DFA31 /* Mechanic.swift */ = {isa = PBXFileReference; lastKnownFileType = sourcecode.swift; path = Mechanic.swift; sourceTree = "<group>"; };
		5558F2B62973F376007DFA31 /* Faction.swift */ = {isa = PBXFileReference; lastKnownFileType = sourcecode.swift; path = Faction.swift; sourceTree = "<group>"; };
		5558F2B82973F75A007DFA31 /* ContentView.swift */ = {isa = PBXFileReference; lastKnownFileType = sourcecode.swift; path = ContentView.swift; sourceTree = "<group>"; };
		5558F2BE29740F8B007DFA31 /* MenuView.swift */ = {isa = PBXFileReference; lastKnownFileType = sourcecode.swift; path = MenuView.swift; sourceTree = "<group>"; };
		55F71057296B5C0F00A16C61 /* relearn-swift.app */ = {isa = PBXFileReference; explicitFileType = wrapper.application; includeInIndex = 0; path = "relearn-swift.app"; sourceTree = BUILT_PRODUCTS_DIR; };
		55F7105A296B5C0F00A16C61 /* relearn_swiftApp.swift */ = {isa = PBXFileReference; lastKnownFileType = sourcecode.swift; path = relearn_swiftApp.swift; sourceTree = "<group>"; };
		55F7105E296B5C1000A16C61 /* Assets.xcassets */ = {isa = PBXFileReference; lastKnownFileType = folder.assetcatalog; path = Assets.xcassets; sourceTree = "<group>"; };
		55F71061296B5C1000A16C61 /* Preview Assets.xcassets */ = {isa = PBXFileReference; lastKnownFileType = folder.assetcatalog; path = "Preview Assets.xcassets"; sourceTree = "<group>"; };
		55F71063296B5C1000A16C61 /* Persistence.swift */ = {isa = PBXFileReference; lastKnownFileType = sourcecode.swift; path = Persistence.swift; sourceTree = "<group>"; };
		55F71066296B5C1000A16C61 /* relearn_swift.xcdatamodel */ = {isa = PBXFileReference; lastKnownFileType = wrapper.xcdatamodel; path = relearn_swift.xcdatamodel; sourceTree = "<group>"; };
		55F7106C296B5C1000A16C61 /* relearn-swiftTests.xctest */ = {isa = PBXFileReference; explicitFileType = wrapper.cfbundle; includeInIndex = 0; path = "relearn-swiftTests.xctest"; sourceTree = BUILT_PRODUCTS_DIR; };
		55F71070296B5C1000A16C61 /* relearn_swiftTests.swift */ = {isa = PBXFileReference; lastKnownFileType = sourcecode.swift; path = relearn_swiftTests.swift; sourceTree = "<group>"; };
		55F71076296B5C1000A16C61 /* relearn-swiftUITests.xctest */ = {isa = PBXFileReference; explicitFileType = wrapper.cfbundle; includeInIndex = 0; path = "relearn-swiftUITests.xctest"; sourceTree = BUILT_PRODUCTS_DIR; };
		55F7107A296B5C1000A16C61 /* relearn_swiftUITests.swift */ = {isa = PBXFileReference; lastKnownFileType = sourcecode.swift; path = relearn_swiftUITests.swift; sourceTree = "<group>"; };
		55F7107C296B5C1000A16C61 /* relearn_swiftUITestsLaunchTests.swift */ = {isa = PBXFileReference; lastKnownFileType = sourcecode.swift; path = relearn_swiftUITestsLaunchTests.swift; sourceTree = "<group>"; };
		55F71092296D7B1B00A16C61 /* data.json */ = {isa = PBXFileReference; fileEncoding = 4; lastKnownFileType = text.json; path = data.json; sourceTree = "<group>"; };
		55F71094296F667000A16C61 /* GameSet.swift */ = {isa = PBXFileReference; lastKnownFileType = sourcecode.swift; path = GameSet.swift; sourceTree = "<group>"; };
		55F71096296F6D9400A16C61 /* StorePopulation.swift */ = {isa = PBXFileReference; lastKnownFileType = sourcecode.swift; path = StorePopulation.swift; sourceTree = "<group>"; };
/* End PBXFileReference section */

/* Begin PBXFrameworksBuildPhase section */
		55F71054296B5C0F00A16C61 /* Frameworks */ = {
			isa = PBXFrameworksBuildPhase;
			buildActionMask = 2147483647;
			files = (
			);
			runOnlyForDeploymentPostprocessing = 0;
		};
		55F71069296B5C1000A16C61 /* Frameworks */ = {
			isa = PBXFrameworksBuildPhase;
			buildActionMask = 2147483647;
			files = (
			);
			runOnlyForDeploymentPostprocessing = 0;
		};
		55F71073296B5C1000A16C61 /* Frameworks */ = {
			isa = PBXFrameworksBuildPhase;
			buildActionMask = 2147483647;
			files = (
			);
			runOnlyForDeploymentPostprocessing = 0;
		};
/* End PBXFrameworksBuildPhase section */

/* Begin PBXGroup section */
		5558F2AA29733DD5007DFA31 /* Models */ = {
			isa = PBXGroup;
			children = (
				55F71063296B5C1000A16C61 /* Persistence.swift */,
				5558F2A42971D222007DFA31 /* UserData.swift */,
				55F71096296F6D9400A16C61 /* StorePopulation.swift */,
				55F71065296B5C1000A16C61 /* relearn_swift.xcdatamodeld */,
				55F7105E296B5C1000A16C61 /* Assets.xcassets */,
				55F71092296D7B1B00A16C61 /* data.json */,
			);
			path = Models;
			sourceTree = "<group>";
		};
		5558F2AB29733DEF007DFA31 /* Model extensions */ = {
			isa = PBXGroup;
			children = (
				5558F2B22973DF2C007DFA31 /* FetchRequests.swift */,
				55F71094296F667000A16C61 /* GameSet.swift */,
				5558F2B62973F376007DFA31 /* Faction.swift */,
				5558F2B42973F33F007DFA31 /* Mechanic.swift */,
			);
			path = "Model extensions";
			sourceTree = "<group>";
		};
		5558F2BC29740DA6007DFA31 /* Content */ = {
			isa = PBXGroup;
			children = (
				5558F2B82973F75A007DFA31 /* ContentView.swift */,
				5558F2B029734675007DFA31 /* TeamAndFactionViews.swift */,
				5558F2AE297342D7007DFA31 /* CustomGridView.swift */,
			);
			path = Content;
			sourceTree = "<group>";
		};
		5558F2BD29740DB9007DFA31 /* Menu */ = {
			isa = PBXGroup;
			children = (
				5558F2BE29740F8B007DFA31 /* MenuView.swift */,
			);
			path = Menu;
			sourceTree = "<group>";
		};
		55F7104E296B5C0F00A16C61 = {
			isa = PBXGroup;
			children = (
				55F71059296B5C0F00A16C61 /* relearn-swift */,
				55F7106F296B5C1000A16C61 /* relearn-swiftTests */,
				55F71079296B5C1000A16C61 /* relearn-swiftUITests */,
				55F71058296B5C0F00A16C61 /* Products */,
			);
			sourceTree = "<group>";
		};
		55F71058296B5C0F00A16C61 /* Products */ = {
			isa = PBXGroup;
			children = (
				55F71057296B5C0F00A16C61 /* relearn-swift.app */,
				55F7106C296B5C1000A16C61 /* relearn-swiftTests.xctest */,
				55F71076296B5C1000A16C61 /* relearn-swiftUITests.xctest */,
			);
			name = Products;
			sourceTree = "<group>";
		};
		55F71059296B5C0F00A16C61 /* relearn-swift */ = {
			isa = PBXGroup;
			children = (
				55F7105A296B5C0F00A16C61 /* relearn_swiftApp.swift */,
				5558F2AB29733DEF007DFA31 /* Model extensions */,
				5558F2AA29733DD5007DFA31 /* Models */,
				55F71089296C25EB00A16C61 /* Views */,
				55F71060296B5C1000A16C61 /* Preview Content */,
			);
			path = "relearn-swift";
			sourceTree = "<group>";
		};
		55F71060296B5C1000A16C61 /* Preview Content */ = {
			isa = PBXGroup;
			children = (
				55F71061296B5C1000A16C61 /* Preview Assets.xcassets */,
			);
			path = "Preview Content";
			sourceTree = "<group>";
		};
		55F7106F296B5C1000A16C61 /* relearn-swiftTests */ = {
			isa = PBXGroup;
			children = (
				55F71070296B5C1000A16C61 /* relearn_swiftTests.swift */,
			);
			path = "relearn-swiftTests";
			sourceTree = "<group>";
		};
		55F71079296B5C1000A16C61 /* relearn-swiftUITests */ = {
			isa = PBXGroup;
			children = (
				55F7107A296B5C1000A16C61 /* relearn_swiftUITests.swift */,
				55F7107C296B5C1000A16C61 /* relearn_swiftUITestsLaunchTests.swift */,
			);
			path = "relearn-swiftUITests";
			sourceTree = "<group>";
		};
		55F71089296C25EB00A16C61 /* Views */ = {
			isa = PBXGroup;
			children = (
				5558F2A82972BD43007DFA31 /* MainView.swift */,
				5558F2BD29740DB9007DFA31 /* Menu */,
				5558F2BC29740DA6007DFA31 /* Content */,
				5558F2AC29733F83007DFA31 /* UIConsants.swift */,
			);
			path = Views;
			sourceTree = "<group>";
		};
/* End PBXGroup section */

/* Begin PBXNativeTarget section */
		55F71056296B5C0F00A16C61 /* relearn-swift */ = {
			isa = PBXNativeTarget;
			buildConfigurationList = 55F71080296B5C1000A16C61 /* Build configuration list for PBXNativeTarget "relearn-swift" */;
			buildPhases = (
				55F71053296B5C0F00A16C61 /* Sources */,
				55F71054296B5C0F00A16C61 /* Frameworks */,
				55F71055296B5C0F00A16C61 /* Resources */,
			);
			buildRules = (
			);
			dependencies = (
			);
			name = "relearn-swift";
			productName = "relearn-swift";
			productReference = 55F71057296B5C0F00A16C61 /* relearn-swift.app */;
			productType = "com.apple.product-type.application";
		};
		55F7106B296B5C1000A16C61 /* relearn-swiftTests */ = {
			isa = PBXNativeTarget;
			buildConfigurationList = 55F71083296B5C1000A16C61 /* Build configuration list for PBXNativeTarget "relearn-swiftTests" */;
			buildPhases = (
				55F71068296B5C1000A16C61 /* Sources */,
				55F71069296B5C1000A16C61 /* Frameworks */,
				55F7106A296B5C1000A16C61 /* Resources */,
			);
			buildRules = (
			);
			dependencies = (
				55F7106E296B5C1000A16C61 /* PBXTargetDependency */,
			);
			name = "relearn-swiftTests";
			productName = "relearn-swiftTests";
			productReference = 55F7106C296B5C1000A16C61 /* relearn-swiftTests.xctest */;
			productType = "com.apple.product-type.bundle.unit-test";
		};
		55F71075296B5C1000A16C61 /* relearn-swiftUITests */ = {
			isa = PBXNativeTarget;
			buildConfigurationList = 55F71086296B5C1000A16C61 /* Build configuration list for PBXNativeTarget "relearn-swiftUITests" */;
			buildPhases = (
				55F71072296B5C1000A16C61 /* Sources */,
				55F71073296B5C1000A16C61 /* Frameworks */,
				55F71074296B5C1000A16C61 /* Resources */,
			);
			buildRules = (
			);
			dependencies = (
				55F71078296B5C1000A16C61 /* PBXTargetDependency */,
			);
			name = "relearn-swiftUITests";
			productName = "relearn-swiftUITests";
			productReference = 55F71076296B5C1000A16C61 /* relearn-swiftUITests.xctest */;
			productType = "com.apple.product-type.bundle.ui-testing";
		};
/* End PBXNativeTarget section */

/* Begin PBXProject section */
		55F7104F296B5C0F00A16C61 /* Project object */ = {
			isa = PBXProject;
			attributes = {
				BuildIndependentTargetsInParallel = 1;
				LastSwiftUpdateCheck = 1320;
				LastUpgradeCheck = 1320;
				TargetAttributes = {
					55F71056296B5C0F00A16C61 = {
						CreatedOnToolsVersion = 13.2.1;
					};
					55F7106B296B5C1000A16C61 = {
						CreatedOnToolsVersion = 13.2.1;
						TestTargetID = 55F71056296B5C0F00A16C61;
					};
					55F71075296B5C1000A16C61 = {
						CreatedOnToolsVersion = 13.2.1;
						TestTargetID = 55F71056296B5C0F00A16C61;
					};
				};
			};
			buildConfigurationList = 55F71052296B5C0F00A16C61 /* Build configuration list for PBXProject "relearn-swift" */;
			compatibilityVersion = "Xcode 13.0";
			developmentRegion = en;
			hasScannedForEncodings = 0;
			knownRegions = (
				en,
				Base,
			);
			mainGroup = 55F7104E296B5C0F00A16C61;
			productRefGroup = 55F71058296B5C0F00A16C61 /* Products */;
			projectDirPath = "";
			projectRoot = "";
			targets = (
				55F71056296B5C0F00A16C61 /* relearn-swift */,
				55F7106B296B5C1000A16C61 /* relearn-swiftTests */,
				55F71075296B5C1000A16C61 /* relearn-swiftUITests */,
			);
		};
/* End PBXProject section */

/* Begin PBXResourcesBuildPhase section */
		55F71055296B5C0F00A16C61 /* Resources */ = {
			isa = PBXResourcesBuildPhase;
			buildActionMask = 2147483647;
			files = (
				55F71062296B5C1000A16C61 /* Preview Assets.xcassets in Resources */,
				55F71093296D7B1B00A16C61 /* data.json in Resources */,
				55F7105F296B5C1000A16C61 /* Assets.xcassets in Resources */,
			);
			runOnlyForDeploymentPostprocessing = 0;
		};
		55F7106A296B5C1000A16C61 /* Resources */ = {
			isa = PBXResourcesBuildPhase;
			buildActionMask = 2147483647;
			files = (
			);
			runOnlyForDeploymentPostprocessing = 0;
		};
		55F71074296B5C1000A16C61 /* Resources */ = {
			isa = PBXResourcesBuildPhase;
			buildActionMask = 2147483647;
			files = (
			);
			runOnlyForDeploymentPostprocessing = 0;
		};
/* End PBXResourcesBuildPhase section */

/* Begin PBXSourcesBuildPhase section */
		55F71053296B5C0F00A16C61 /* Sources */ = {
			isa = PBXSourcesBuildPhase;
			buildActionMask = 2147483647;
			files = (
				5558F2B129734675007DFA31 /* TeamAndFactionViews.swift in Sources */,
				55F71097296F6D9400A16C61 /* StorePopulation.swift in Sources */,
				55F71095296F667000A16C61 /* GameSet.swift in Sources */,
				5558F2A52971D222007DFA31 /* UserData.swift in Sources */,
				5558F2B52973F33F007DFA31 /* Mechanic.swift in Sources */,
				5558F2AF297342D7007DFA31 /* CustomGridView.swift in Sources */,
				5558F2B72973F376007DFA31 /* Faction.swift in Sources */,
				5558F2A92972BD43007DFA31 /* MainView.swift in Sources */,
				55F71064296B5C1000A16C61 /* Persistence.swift in Sources */,
				55F7105B296B5C0F00A16C61 /* relearn_swiftApp.swift in Sources */,
				5558F2BF29740F8B007DFA31 /* MenuView.swift in Sources */,
				5558F2B32973DF2C007DFA31 /* FetchRequests.swift in Sources */,
				5558F2B92973F75A007DFA31 /* ContentView.swift in Sources */,
				55F71067296B5C1000A16C61 /* relearn_swift.xcdatamodeld in Sources */,
				5558F2AD29733F83007DFA31 /* UIConsants.swift in Sources */,
			);
			runOnlyForDeploymentPostprocessing = 0;
		};
		55F71068296B5C1000A16C61 /* Sources */ = {
			isa = PBXSourcesBuildPhase;
			buildActionMask = 2147483647;
			files = (
				55F71071296B5C1000A16C61 /* relearn_swiftTests.swift in Sources */,
			);
			runOnlyForDeploymentPostprocessing = 0;
		};
		55F71072296B5C1000A16C61 /* Sources */ = {
			isa = PBXSourcesBuildPhase;
			buildActionMask = 2147483647;
			files = (
				55F7107D296B5C1000A16C61 /* relearn_swiftUITestsLaunchTests.swift in Sources */,
				55F7107B296B5C1000A16C61 /* relearn_swiftUITests.swift in Sources */,
			);
			runOnlyForDeploymentPostprocessing = 0;
		};
/* End PBXSourcesBuildPhase section */

/* Begin PBXTargetDependency section */
		55F7106E296B5C1000A16C61 /* PBXTargetDependency */ = {
			isa = PBXTargetDependency;
			target = 55F71056296B5C0F00A16C61 /* relearn-swift */;
			targetProxy = 55F7106D296B5C1000A16C61 /* PBXContainerItemProxy */;
		};
		55F71078296B5C1000A16C61 /* PBXTargetDependency */ = {
			isa = PBXTargetDependency;
			target = 55F71056296B5C0F00A16C61 /* relearn-swift */;
			targetProxy = 55F71077296B5C1000A16C61 /* PBXContainerItemProxy */;
		};
/* End PBXTargetDependency section */

/* Begin XCBuildConfiguration section */
		55F7107E296B5C1000A16C61 /* Debug */ = {
			isa = XCBuildConfiguration;
			buildSettings = {
				ALWAYS_SEARCH_USER_PATHS = NO;
				CLANG_ANALYZER_NONNULL = YES;
				CLANG_ANALYZER_NUMBER_OBJECT_CONVERSION = YES_AGGRESSIVE;
				CLANG_CXX_LANGUAGE_STANDARD = "gnu++17";
				CLANG_CXX_LIBRARY = "libc++";
				CLANG_ENABLE_MODULES = YES;
				CLANG_ENABLE_OBJC_ARC = YES;
				CLANG_ENABLE_OBJC_WEAK = YES;
				CLANG_WARN_BLOCK_CAPTURE_AUTORELEASING = YES;
				CLANG_WARN_BOOL_CONVERSION = YES;
				CLANG_WARN_COMMA = YES;
				CLANG_WARN_CONSTANT_CONVERSION = YES;
				CLANG_WARN_DEPRECATED_OBJC_IMPLEMENTATIONS = YES;
				CLANG_WARN_DIRECT_OBJC_ISA_USAGE = YES_ERROR;
				CLANG_WARN_DOCUMENTATION_COMMENTS = YES;
				CLANG_WARN_EMPTY_BODY = YES;
				CLANG_WARN_ENUM_CONVERSION = YES;
				CLANG_WARN_INFINITE_RECURSION = YES;
				CLANG_WARN_INT_CONVERSION = YES;
				CLANG_WARN_NON_LITERAL_NULL_CONVERSION = YES;
				CLANG_WARN_OBJC_IMPLICIT_RETAIN_SELF = YES;
				CLANG_WARN_OBJC_LITERAL_CONVERSION = YES;
				CLANG_WARN_OBJC_ROOT_CLASS = YES_ERROR;
				CLANG_WARN_QUOTED_INCLUDE_IN_FRAMEWORK_HEADER = YES;
				CLANG_WARN_RANGE_LOOP_ANALYSIS = YES;
				CLANG_WARN_STRICT_PROTOTYPES = YES;
				CLANG_WARN_SUSPICIOUS_MOVE = YES;
				CLANG_WARN_UNGUARDED_AVAILABILITY = YES_AGGRESSIVE;
				CLANG_WARN_UNREACHABLE_CODE = YES;
				CLANG_WARN__DUPLICATE_METHOD_MATCH = YES;
				COPY_PHASE_STRIP = NO;
				DEBUG_INFORMATION_FORMAT = dwarf;
				ENABLE_STRICT_OBJC_MSGSEND = YES;
				ENABLE_TESTABILITY = YES;
				GCC_C_LANGUAGE_STANDARD = gnu11;
				GCC_DYNAMIC_NO_PIC = NO;
				GCC_NO_COMMON_BLOCKS = YES;
				GCC_OPTIMIZATION_LEVEL = 0;
				GCC_PREPROCESSOR_DEFINITIONS = (
					"DEBUG=1",
					"$(inherited)",
				);
				GCC_WARN_64_TO_32_BIT_CONVERSION = YES;
				GCC_WARN_ABOUT_RETURN_TYPE = YES_ERROR;
				GCC_WARN_UNDECLARED_SELECTOR = YES;
				GCC_WARN_UNINITIALIZED_AUTOS = YES_AGGRESSIVE;
				GCC_WARN_UNUSED_FUNCTION = YES;
				GCC_WARN_UNUSED_VARIABLE = YES;
				IPHONEOS_DEPLOYMENT_TARGET = 15.2;
				MTL_ENABLE_DEBUG_INFO = INCLUDE_SOURCE;
				MTL_FAST_MATH = YES;
				ONLY_ACTIVE_ARCH = YES;
				SDKROOT = iphoneos;
				SWIFT_ACTIVE_COMPILATION_CONDITIONS = DEBUG;
				SWIFT_OPTIMIZATION_LEVEL = "-Onone";
			};
			name = Debug;
		};
		55F7107F296B5C1000A16C61 /* Release */ = {
			isa = XCBuildConfiguration;
			buildSettings = {
				ALWAYS_SEARCH_USER_PATHS = NO;
				CLANG_ANALYZER_NONNULL = YES;
				CLANG_ANALYZER_NUMBER_OBJECT_CONVERSION = YES_AGGRESSIVE;
				CLANG_CXX_LANGUAGE_STANDARD = "gnu++17";
				CLANG_CXX_LIBRARY = "libc++";
				CLANG_ENABLE_MODULES = YES;
				CLANG_ENABLE_OBJC_ARC = YES;
				CLANG_ENABLE_OBJC_WEAK = YES;
				CLANG_WARN_BLOCK_CAPTURE_AUTORELEASING = YES;
				CLANG_WARN_BOOL_CONVERSION = YES;
				CLANG_WARN_COMMA = YES;
				CLANG_WARN_CONSTANT_CONVERSION = YES;
				CLANG_WARN_DEPRECATED_OBJC_IMPLEMENTATIONS = YES;
				CLANG_WARN_DIRECT_OBJC_ISA_USAGE = YES_ERROR;
				CLANG_WARN_DOCUMENTATION_COMMENTS = YES;
				CLANG_WARN_EMPTY_BODY = YES;
				CLANG_WARN_ENUM_CONVERSION = YES;
				CLANG_WARN_INFINITE_RECURSION = YES;
				CLANG_WARN_INT_CONVERSION = YES;
				CLANG_WARN_NON_LITERAL_NULL_CONVERSION = YES;
				CLANG_WARN_OBJC_IMPLICIT_RETAIN_SELF = YES;
				CLANG_WARN_OBJC_LITERAL_CONVERSION = YES;
				CLANG_WARN_OBJC_ROOT_CLASS = YES_ERROR;
				CLANG_WARN_QUOTED_INCLUDE_IN_FRAMEWORK_HEADER = YES;
				CLANG_WARN_RANGE_LOOP_ANALYSIS = YES;
				CLANG_WARN_STRICT_PROTOTYPES = YES;
				CLANG_WARN_SUSPICIOUS_MOVE = YES;
				CLANG_WARN_UNGUARDED_AVAILABILITY = YES_AGGRESSIVE;
				CLANG_WARN_UNREACHABLE_CODE = YES;
				CLANG_WARN__DUPLICATE_METHOD_MATCH = YES;
				COPY_PHASE_STRIP = NO;
				DEBUG_INFORMATION_FORMAT = "dwarf-with-dsym";
				ENABLE_NS_ASSERTIONS = NO;
				ENABLE_STRICT_OBJC_MSGSEND = YES;
				GCC_C_LANGUAGE_STANDARD = gnu11;
				GCC_NO_COMMON_BLOCKS = YES;
				GCC_WARN_64_TO_32_BIT_CONVERSION = YES;
				GCC_WARN_ABOUT_RETURN_TYPE = YES_ERROR;
				GCC_WARN_UNDECLARED_SELECTOR = YES;
				GCC_WARN_UNINITIALIZED_AUTOS = YES_AGGRESSIVE;
				GCC_WARN_UNUSED_FUNCTION = YES;
				GCC_WARN_UNUSED_VARIABLE = YES;
				IPHONEOS_DEPLOYMENT_TARGET = 15.2;
				MTL_ENABLE_DEBUG_INFO = NO;
				MTL_FAST_MATH = YES;
				SDKROOT = iphoneos;
				SWIFT_COMPILATION_MODE = wholemodule;
				SWIFT_OPTIMIZATION_LEVEL = "-O";
				VALIDATE_PRODUCT = YES;
			};
			name = Release;
		};
		55F71081296B5C1000A16C61 /* Debug */ = {
			isa = XCBuildConfiguration;
			buildSettings = {
				ASSETCATALOG_COMPILER_APPICON_NAME = AppIcon;
				ASSETCATALOG_COMPILER_GLOBAL_ACCENT_COLOR_NAME = AccentColor;
				CODE_SIGN_STYLE = Automatic;
				CURRENT_PROJECT_VERSION = 1;
				DEVELOPMENT_ASSET_PATHS = "\"relearn-swift/Preview Content\"";
				DEVELOPMENT_TEAM = V3ZGD6T2DZ;
				ENABLE_PREVIEWS = YES;
				GENERATE_INFOPLIST_FILE = YES;
				INFOPLIST_KEY_UIApplicationSceneManifest_Generation = YES;
				INFOPLIST_KEY_UIApplicationSupportsIndirectInputEvents = YES;
				INFOPLIST_KEY_UILaunchScreen_Generation = YES;
				INFOPLIST_KEY_UISupportedInterfaceOrientations_iPad = "UIInterfaceOrientationPortrait UIInterfaceOrientationPortraitUpsideDown UIInterfaceOrientationLandscapeLeft UIInterfaceOrientationLandscapeRight";
				INFOPLIST_KEY_UISupportedInterfaceOrientations_iPhone = "UIInterfaceOrientationPortrait UIInterfaceOrientationLandscapeLeft UIInterfaceOrientationLandscapeRight";
				IPHONEOS_DEPLOYMENT_TARGET = 16.2;
				LD_RUNPATH_SEARCH_PATHS = (
					"$(inherited)",
					"@executable_path/Frameworks",
				);
				MARKETING_VERSION = 1.0;
				PRODUCT_BUNDLE_IDENTIFIER = "personal.relearn-swift";
				PRODUCT_NAME = "$(TARGET_NAME)";
				SWIFT_EMIT_LOC_STRINGS = YES;
				SWIFT_VERSION = 5.0;
				TARGETED_DEVICE_FAMILY = "1,2";
			};
			name = Debug;
		};
		55F71082296B5C1000A16C61 /* Release */ = {
			isa = XCBuildConfiguration;
			buildSettings = {
				ASSETCATALOG_COMPILER_APPICON_NAME = AppIcon;
				ASSETCATALOG_COMPILER_GLOBAL_ACCENT_COLOR_NAME = AccentColor;
				CODE_SIGN_STYLE = Automatic;
				CURRENT_PROJECT_VERSION = 1;
				DEVELOPMENT_ASSET_PATHS = "\"relearn-swift/Preview Content\"";
				DEVELOPMENT_TEAM = V3ZGD6T2DZ;
				ENABLE_PREVIEWS = YES;
				GENERATE_INFOPLIST_FILE = YES;
				INFOPLIST_KEY_UIApplicationSceneManifest_Generation = YES;
				INFOPLIST_KEY_UIApplicationSupportsIndirectInputEvents = YES;
				INFOPLIST_KEY_UILaunchScreen_Generation = YES;
				INFOPLIST_KEY_UISupportedInterfaceOrientations_iPad = "UIInterfaceOrientationPortrait UIInterfaceOrientationPortraitUpsideDown UIInterfaceOrientationLandscapeLeft UIInterfaceOrientationLandscapeRight";
				INFOPLIST_KEY_UISupportedInterfaceOrientations_iPhone = "UIInterfaceOrientationPortrait UIInterfaceOrientationLandscapeLeft UIInterfaceOrientationLandscapeRight";
				IPHONEOS_DEPLOYMENT_TARGET = 16.2;
				LD_RUNPATH_SEARCH_PATHS = (
					"$(inherited)",
					"@executable_path/Frameworks",
				);
				MARKETING_VERSION = 1.0;
				PRODUCT_BUNDLE_IDENTIFIER = "personal.relearn-swift";
				PRODUCT_NAME = "$(TARGET_NAME)";
				SWIFT_EMIT_LOC_STRINGS = YES;
				SWIFT_VERSION = 5.0;
				TARGETED_DEVICE_FAMILY = "1,2";
			};
			name = Release;
		};
		55F71084296B5C1000A16C61 /* Debug */ = {
			isa = XCBuildConfiguration;
			buildSettings = {
				ALWAYS_EMBED_SWIFT_STANDARD_LIBRARIES = YES;
				BUNDLE_LOADER = "$(TEST_HOST)";
				CODE_SIGN_STYLE = Automatic;
				CURRENT_PROJECT_VERSION = 1;
				DEVELOPMENT_TEAM = V3ZGD6T2DZ;
				GENERATE_INFOPLIST_FILE = YES;
				IPHONEOS_DEPLOYMENT_TARGET = 15.2;
				MARKETING_VERSION = 1.0;
				PRODUCT_BUNDLE_IDENTIFIER = "personal.relearn-swiftTests";
				PRODUCT_NAME = "$(TARGET_NAME)";
				SWIFT_EMIT_LOC_STRINGS = NO;
				SWIFT_VERSION = 5.0;
				TARGETED_DEVICE_FAMILY = "1,2";
				TEST_HOST = "$(BUILT_PRODUCTS_DIR)/relearn-swift.app/relearn-swift";
			};
			name = Debug;
		};
		55F71085296B5C1000A16C61 /* Release */ = {
			isa = XCBuildConfiguration;
			buildSettings = {
				ALWAYS_EMBED_SWIFT_STANDARD_LIBRARIES = YES;
				BUNDLE_LOADER = "$(TEST_HOST)";
				CODE_SIGN_STYLE = Automatic;
				CURRENT_PROJECT_VERSION = 1;
				DEVELOPMENT_TEAM = V3ZGD6T2DZ;
				GENERATE_INFOPLIST_FILE = YES;
				IPHONEOS_DEPLOYMENT_TARGET = 15.2;
				MARKETING_VERSION = 1.0;
				PRODUCT_BUNDLE_IDENTIFIER = "personal.relearn-swiftTests";
				PRODUCT_NAME = "$(TARGET_NAME)";
				SWIFT_EMIT_LOC_STRINGS = NO;
				SWIFT_VERSION = 5.0;
				TARGETED_DEVICE_FAMILY = "1,2";
				TEST_HOST = "$(BUILT_PRODUCTS_DIR)/relearn-swift.app/relearn-swift";
			};
			name = Release;
		};
		55F71087296B5C1000A16C61 /* Debug */ = {
			isa = XCBuildConfiguration;
			buildSettings = {
				ALWAYS_EMBED_SWIFT_STANDARD_LIBRARIES = YES;
				CODE_SIGN_STYLE = Automatic;
				CURRENT_PROJECT_VERSION = 1;
				DEVELOPMENT_TEAM = V3ZGD6T2DZ;
				GENERATE_INFOPLIST_FILE = YES;
				MARKETING_VERSION = 1.0;
				PRODUCT_BUNDLE_IDENTIFIER = "personal.relearn-swiftUITests";
				PRODUCT_NAME = "$(TARGET_NAME)";
				SWIFT_EMIT_LOC_STRINGS = NO;
				SWIFT_VERSION = 5.0;
				TARGETED_DEVICE_FAMILY = "1,2";
				TEST_TARGET_NAME = "relearn-swift";
			};
			name = Debug;
		};
		55F71088296B5C1000A16C61 /* Release */ = {
			isa = XCBuildConfiguration;
			buildSettings = {
				ALWAYS_EMBED_SWIFT_STANDARD_LIBRARIES = YES;
				CODE_SIGN_STYLE = Automatic;
				CURRENT_PROJECT_VERSION = 1;
				DEVELOPMENT_TEAM = V3ZGD6T2DZ;
				GENERATE_INFOPLIST_FILE = YES;
				MARKETING_VERSION = 1.0;
				PRODUCT_BUNDLE_IDENTIFIER = "personal.relearn-swiftUITests";
				PRODUCT_NAME = "$(TARGET_NAME)";
				SWIFT_EMIT_LOC_STRINGS = NO;
				SWIFT_VERSION = 5.0;
				TARGETED_DEVICE_FAMILY = "1,2";
				TEST_TARGET_NAME = "relearn-swift";
			};
			name = Release;
		};
/* End XCBuildConfiguration section */

/* Begin XCConfigurationList section */
		55F71052296B5C0F00A16C61 /* Build configuration list for PBXProject "relearn-swift" */ = {
			isa = XCConfigurationList;
			buildConfigurations = (
				55F7107E296B5C1000A16C61 /* Debug */,
				55F7107F296B5C1000A16C61 /* Release */,
			);
			defaultConfigurationIsVisible = 0;
			defaultConfigurationName = Release;
		};
		55F71080296B5C1000A16C61 /* Build configuration list for PBXNativeTarget "relearn-swift" */ = {
			isa = XCConfigurationList;
			buildConfigurations = (
				55F71081296B5C1000A16C61 /* Debug */,
				55F71082296B5C1000A16C61 /* Release */,
			);
			defaultConfigurationIsVisible = 0;
			defaultConfigurationName = Release;
		};
		55F71083296B5C1000A16C61 /* Build configuration list for PBXNativeTarget "relearn-swiftTests" */ = {
			isa = XCConfigurationList;
			buildConfigurations = (
				55F71084296B5C1000A16C61 /* Debug */,
				55F71085296B5C1000A16C61 /* Release */,
			);
			defaultConfigurationIsVisible = 0;
			defaultConfigurationName = Release;
		};
		55F71086296B5C1000A16C61 /* Build configuration list for PBXNativeTarget "relearn-swiftUITests" */ = {
			isa = XCConfigurationList;
			buildConfigurations = (
				55F71087296B5C1000A16C61 /* Debug */,
				55F71088296B5C1000A16C61 /* Release */,
			);
			defaultConfigurationIsVisible = 0;
			defaultConfigurationName = Release;
		};
/* End XCConfigurationList section */

/* Begin XCVersionGroup section */
		55F71065296B5C1000A16C61 /* relearn_swift.xcdatamodeld */ = {
			isa = XCVersionGroup;
			children = (
				55F71066296B5C1000A16C61 /* relearn_swift.xcdatamodel */,
			);
			currentVersion = 55F71066296B5C1000A16C61 /* relearn_swift.xcdatamodel */;
			path = relearn_swift.xcdatamodeld;
			sourceTree = "<group>";
			versionGroupType = wrapper.xcdatamodel;
		};
/* End XCVersionGroup section */
	};
	rootObject = 55F7104F296B5C0F00A16C61 /* Project object */;
}
